
Microsoft Visual Studio Solution File, Format Version 12.00
# Visual Studio 15
VisualStudioVersion = 15.0.28307.168
MinimumVisualStudioVersion = 10.0.40219.1
Project("{FAE04EC0-301F-11D3-BF4B-00C04F79EFBC}") = "WebPayment", "WebPayment\WebPayment.csproj", "{26C1A2DF-22AD-4024-9063-72358509F2AA}"
EndProject
Project("{FAE04EC0-301F-11D3-BF4B-00C04F79EFBC}") = "DBRepository", "DBRepository\DBRepository.csproj", "{28B298FE-D953-4948-9B85-846773A8F16C}"
EndProject
Project("{FAE04EC0-301F-11D3-BF4B-00C04F79EFBC}") = "Models", "Models\Models.csproj", "{13D9F2BC-4A50-4783-8E9E-7280C84DB53A}"
EndProject
Global
	GlobalSection(SolutionConfigurationPlatforms) = preSolution
		Debug|Any CPU = Debug|Any CPU
		Release|Any CPU = Release|Any CPU
	EndGlobalSection
	GlobalSection(ProjectConfigurationPlatforms) = postSolution
		{26C1A2DF-22AD-4024-9063-72358509F2AA}.Debug|Any CPU.ActiveCfg = Debug|Any CPU
		{26C1A2DF-22AD-4024-9063-72358509F2AA}.Debug|Any CPU.Build.0 = Debug|Any CPU
		{26C1A2DF-22AD-4024-9063-72358509F2AA}.Release|Any CPU.ActiveCfg = Release|Any CPU
		{26C1A2DF-22AD-4024-9063-72358509F2AA}.Release|Any CPU.Build.0 = Release|Any CPU
		{28B298FE-D953-4948-9B85-846773A8F16C}.Debug|Any CPU.ActiveCfg = Debug|Any CPU
		{28B298FE-D953-4948-9B85-846773A8F16C}.Debug|Any CPU.Build.0 = Debug|Any CPU
		{28B298FE-D953-4948-9B85-846773A8F16C}.Release|Any CPU.ActiveCfg = Release|Any CPU
		{28B298FE-D953-4948-9B85-846773A8F16C}.Release|Any CPU.Build.0 = Release|Any CPU
		{13D9F2BC-4A50-4783-8E9E-7280C84DB53A}.Debug|Any CPU.ActiveCfg = Debug|Any CPU
		{13D9F2BC-4A50-4783-8E9E-7280C84DB53A}.Debug|Any CPU.Build.0 = Debug|Any CPU
		{13D9F2BC-4A50-4783-8E9E-7280C84DB53A}.Release|Any CPU.ActiveCfg = Release|Any CPU
		{13D9F2BC-4A50-4783-8E9E-7280C84DB53A}.Release|Any CPU.Build.0 = Release|Any CPU
	EndGlobalSection
	GlobalSection(SolutionProperties) = preSolution
		HideSolutionNode = FALSE
	EndGlobalSection
	GlobalSection(ExtensibilityGlobals) = postSolution
		SolutionGuid = {EE84CB17-649A-4DC6-80D6-597CD5856B92}
	EndGlobalSection
EndGlobal
